{
    "_readme": [
        "This file locks the dependencies of your project to a known state",
        "Read more about it at https://getcomposer.org/doc/01-basic-usage.md#installing-dependencies",
        "This file is @generated automatically"
    ],
    "content-hash": "587f82dd7962aab08ae531f90bb53bed",
    "packages": [
        {
            "name": "dominicvonk/draftmvc",
            "version": "dev-master",
            "source": {
                "type": "git",
                "url": "https://github.com/DominicVonk/DraftMVC.git",
                "reference": "4f3b11aded8c3dafe97eb991008a984b44fd0700"
            },
            "dist": {
                "type": "zip",
                "url": "https://api.github.com/repos/DominicVonk/DraftMVC/zipball/4f3b11aded8c3dafe97eb991008a984b44fd0700",
                "reference": "4f3b11aded8c3dafe97eb991008a984b44fd0700",
                "shasum": ""
            },
            "type": "mvc",
            "autoload": {
                "psr-0": {
                    "DraftMVC": "src/"
                }
            },
            "notification-url": "https://packagist.org/downloads/",
            "license": [
                "MIT"
            ],
            "authors": [
                {
                    "name": "Dominic Vonk",
                    "email": "dominic@dominicvonk.com"
                }
            ],
            "description": "Draft MVC",
            "time": "2018-05-11T09:54:59+00:00"
        }
    ],
    "packages-dev": [],
    "aliases": [],
    "minimum-stability": "stable",
    "stability-flags": {
        "dominicvonk/draftmvc": 20
    },
    "prefer-stable": false,
    "prefer-lowest": false,
    "platform": [],
    "platform-dev": []
}
